{
  "name": "officefc",
  "version": "1.0.0",
  "lockfileVersion": 3,
  "requires": true,
  "packages": {
    "": {
      "name": "officefc",
      "version": "1.0.0",
      "devDependencies": {
        "@babel/standalone": "7.29.0"
      }
    },
    "node_modules/@babel/standalone": {
      "version": "7.29.0",
      "dev": true,
      "license": "MIT",
      "engines": {
        "node": ">=6.9.0"
      }
    }
  }
}
